
Microsoft Visual Studio Solution File, Format Version 12.00
# Visual Studio Version 16
VisualStudioVersion = 16.0.30621.155
MinimumVisualStudioVersion = 10.0.40219.1
Project("{FAE04EC0-301F-11D3-BF4B-00C04F79EFBC}") = "Ristinolla", "Ristinolla\Ristinolla.csproj", "{8524701F-3FF3-41BD-8F7E-34D48B02B996}"
EndProject
Global
	GlobalSection(SolutionConfigurationPlatforms) = preSolution
		Debug|Any CPU = Debug|Any CPU
		Release|Any CPU = Release|Any CPU
	EndGlobalSection
	GlobalSection(ProjectConfigurationPlatforms) = postSolution
		{8524701F-3FF3-41BD-8F7E-34D48B02B996}.Debug|Any CPU.ActiveCfg = Debug|Any CPU
		{8524701F-3FF3-41BD-8F7E-34D48B02B996}.Debug|Any CPU.Build.0 = Debug|Any CPU
		{8524701F-3FF3-41BD-8F7E-34D48B02B996}.Release|Any CPU.ActiveCfg = Release|Any CPU
		{8524701F-3FF3-41BD-8F7E-34D48B02B996}.Release|Any CPU.Build.0 = Release|Any CPU
	EndGlobalSection
	GlobalSection(SolutionProperties) = preSolution
		HideSolutionNode = FALSE
	EndGlobalSection
	GlobalSection(ExtensibilityGlobals) = postSolution
		SolutionGuid = {2641C5F7-F566-40FD-9D54-2170455CD815}
	EndGlobalSection
EndGlobal
